PODS:
  - Google-Mobile-Ads-SDK (7.19.0)
  - NCMB (2.3.3)
  - SWRevealViewController (2.3.0)

DEPENDENCIES:
  - Google-Mobile-Ads-SDK (~> 7.0)
  - NCMB (from `https://github.com/ehuecorporation/ncmb_ios.git`)
  - SWRevealViewController

EXTERNAL SOURCES:
  NCMB:
    :git: https://github.com/ehuecorporation/ncmb_ios.git

CHECKOUT OPTIONS:
  NCMB:
    :commit: 668a55df8671b381852d58e921da27af69dfec0f
    :git: https://github.com/ehuecorporation/ncmb_ios.git

SPEC CHECKSUMS:
  Google-Mobile-Ads-SDK: d1bcdbd8347a105a687345b8511701172a5074e9
  NCMB: 33829337aeb2e91a0fc1c771eeb77b642f7f6589
  SWRevealViewController: 6d3fd97f70112fd7cef9de14df4260eacce4c63a

PODFILE CHECKSUM: 1fb4692da9beb948e03abf0ab64cd5fc51aea15e

COCOAPODS: 1.1.1
