// !$*UTF8*$!
{
	archiveVersion = 1;
	classes = {
	};
	objectVersion = 46;
	objects = {

/* Begin PBXBuildFile section */
		1B1C4189353A7C275A64DC40 /* Pods_mbUsingTestUITests.framework in Frameworks */ = {isa = PBXBuildFile; fileRef = 82A4593D57B1A1B5A5A1B2AC /* Pods_mbUsingTestUITests.framework */; };
		2F11458C1DEBF25A003F65A1 /* MyPostViewController.swift in Sources */ = {isa = PBXBuildFile; fileRef = 2F11458B1DEBF25A003F65A1 /* MyPostViewController.swift */; };
		2F2AF1AA1DB0F15D00464B5E /* MemoCell.swift in Sources */ = {isa = PBXBuildFile; fileRef = 2F2AF1A81DB0F15D00464B5E /* MemoCell.swift */; };
		2F2AF1AB1DB0F15D00464B5E /* MemoCell.xib in Resources */ = {isa = PBXBuildFile; fileRef = 2F2AF1A91DB0F15D00464B5E /* MemoCell.xib */; };
		2F3431671D9D4425001E6C68 /* Fabric.framework in Frameworks */ = {isa = PBXBuildFile; fileRef = 2F3431631D9D4425001E6C68 /* Fabric.framework */; };
		2F3431681D9D4425001E6C68 /* Fabric.framework in Frameworks */ = {isa = PBXBuildFile; fileRef = 2F3431631D9D4425001E6C68 /* Fabric.framework */; };
		2F3431691D9D4425001E6C68 /* Fabric.framework in Frameworks */ = {isa = PBXBuildFile; fileRef = 2F3431631D9D4425001E6C68 /* Fabric.framework */; };
		2F34316A1D9D4425001E6C68 /* TwitterKit.framework in Frameworks */ = {isa = PBXBuildFile; fileRef = 2F3431641D9D4425001E6C68 /* TwitterKit.framework */; };
		2F34316B1D9D4425001E6C68 /* TwitterKit.framework in Frameworks */ = {isa = PBXBuildFile; fileRef = 2F3431641D9D4425001E6C68 /* TwitterKit.framework */; };
		2F34316C1D9D4425001E6C68 /* TwitterKit.framework in Frameworks */ = {isa = PBXBuildFile; fileRef = 2F3431641D9D4425001E6C68 /* TwitterKit.framework */; };
		2F34316D1D9D4425001E6C68 /* TwitterKitResources.bundle in Resources */ = {isa = PBXBuildFile; fileRef = 2F3431651D9D4425001E6C68 /* TwitterKitResources.bundle */; };
		2F34316E1D9D4425001E6C68 /* TwitterKitResources.bundle in Resources */ = {isa = PBXBuildFile; fileRef = 2F3431651D9D4425001E6C68 /* TwitterKitResources.bundle */; };
		2F34316F1D9D4425001E6C68 /* TwitterKitResources.bundle in Resources */ = {isa = PBXBuildFile; fileRef = 2F3431651D9D4425001E6C68 /* TwitterKitResources.bundle */; };
		2F3431701D9D4425001E6C68 /* TwitterCore.framework in Frameworks */ = {isa = PBXBuildFile; fileRef = 2F3431661D9D4425001E6C68 /* TwitterCore.framework */; };
		2F3431711D9D4425001E6C68 /* TwitterCore.framework in Frameworks */ = {isa = PBXBuildFile; fileRef = 2F3431661D9D4425001E6C68 /* TwitterCore.framework */; };
		2F3431721D9D4425001E6C68 /* TwitterCore.framework in Frameworks */ = {isa = PBXBuildFile; fileRef = 2F3431661D9D4425001E6C68 /* TwitterCore.framework */; };
		2F3C9CAC1E45AE2E00392F11 /* ReportViewController.swift in Sources */ = {isa = PBXBuildFile; fileRef = 2F3C9CAB1E45AE2E00392F11 /* ReportViewController.swift */; };
		2F5831BC1DBDF43300BAAA15 /* Favorite.swift in Sources */ = {isa = PBXBuildFile; fileRef = 2F5831BB1DBDF43300BAAA15 /* Favorite.swift */; };
		2F63C8DA1DE3DA23007EB8D5 /* LeftMenuViewController.swift in Sources */ = {isa = PBXBuildFile; fileRef = 2F63C8D91DE3DA23007EB8D5 /* LeftMenuViewController.swift */; };
		2F63C8DE1DE408F5007EB8D5 /* ContainerViewController.swift in Sources */ = {isa = PBXBuildFile; fileRef = 2F63C8DD1DE408F5007EB8D5 /* ContainerViewController.swift */; };
		2F644B631D851A22009CF261 /* AppDelegate.swift in Sources */ = {isa = PBXBuildFile; fileRef = 2F644B621D851A22009CF261 /* AppDelegate.swift */; };
		2F644B651D851A22009CF261 /* MainViewController.swift in Sources */ = {isa = PBXBuildFile; fileRef = 2F644B641D851A22009CF261 /* MainViewController.swift */; };
		2F644B681D851A22009CF261 /* Main.storyboard in Resources */ = {isa = PBXBuildFile; fileRef = 2F644B661D851A22009CF261 /* Main.storyboard */; };
		2F644B6A1D851A22009CF261 /* Assets.xcassets in Resources */ = {isa = PBXBuildFile; fileRef = 2F644B691D851A22009CF261 /* Assets.xcassets */; };
		2F644B6D1D851A22009CF261 /* LaunchScreen.storyboard in Resources */ = {isa = PBXBuildFile; fileRef = 2F644B6B1D851A22009CF261 /* LaunchScreen.storyboard */; };
		2F644B781D851A22009CF261 /* mbUsingTestTests.swift in Sources */ = {isa = PBXBuildFile; fileRef = 2F644B771D851A22009CF261 /* mbUsingTestTests.swift */; };
		2F644B831D851A22009CF261 /* mbUsingTestUITests.swift in Sources */ = {isa = PBXBuildFile; fileRef = 2F644B821D851A22009CF261 /* mbUsingTestUITests.swift */; };
		2F79FA4A1E3EBAC800174BB1 /* Like.swift in Sources */ = {isa = PBXBuildFile; fileRef = 2F79FA491E3EBAC800174BB1 /* Like.swift */; };
		2F79FA4D1E40A2EC00174BB1 /* ShopListCell.swift in Sources */ = {isa = PBXBuildFile; fileRef = 2F79FA4B1E40A2EC00174BB1 /* ShopListCell.swift */; };
		2F79FA4E1E40A2EC00174BB1 /* ShopListCell.xib in Resources */ = {isa = PBXBuildFile; fileRef = 2F79FA4C1E40A2EC00174BB1 /* ShopListCell.xib */; };
		2F9973141E8D24C100A50DB6 /* ShopEditViewController.swift in Sources */ = {isa = PBXBuildFile; fileRef = 2F9973131E8D24C100A50DB6 /* ShopEditViewController.swift */; };
		2F99EDC01DA28F5C001C830E /* NCMBSearch.swift in Sources */ = {isa = PBXBuildFile; fileRef = 2F99EDBF1DA28F5C001C830E /* NCMBSearch.swift */; };
		2F99EDC11DA28F5C001C830E /* NCMBSearch.swift in Sources */ = {isa = PBXBuildFile; fileRef = 2F99EDBF1DA28F5C001C830E /* NCMBSearch.swift */; };
		2F99EDC21DA28F5C001C830E /* NCMBSearch.swift in Sources */ = {isa = PBXBuildFile; fileRef = 2F99EDBF1DA28F5C001C830E /* NCMBSearch.swift */; };
		2FA17CAF1D9917BD00CF30E1 /* AddController.swift in Sources */ = {isa = PBXBuildFile; fileRef = 2FA17CAE1D9917BD00CF30E1 /* AddController.swift */; };
		2FA17CB01D9917BD00CF30E1 /* AddController.swift in Sources */ = {isa = PBXBuildFile; fileRef = 2FA17CAE1D9917BD00CF30E1 /* AddController.swift */; };
		2FA17CB11D9917BD00CF30E1 /* AddController.swift in Sources */ = {isa = PBXBuildFile; fileRef = 2FA17CAE1D9917BD00CF30E1 /* AddController.swift */; };
		2FACC0111E10F1A3000E5D68 /* CustomMKPointAnnotation.swift in Sources */ = {isa = PBXBuildFile; fileRef = 2FACC0101E10F1A3000E5D68 /* CustomMKPointAnnotation.swift */; };
		2FD42A0C1D9DFC3500DA00D2 /* LoginViewController.swift in Sources */ = {isa = PBXBuildFile; fileRef = 2FD42A0B1D9DFC3500DA00D2 /* LoginViewController.swift */; };
		2FD42A0D1D9DFC3500DA00D2 /* LoginViewController.swift in Sources */ = {isa = PBXBuildFile; fileRef = 2FD42A0B1D9DFC3500DA00D2 /* LoginViewController.swift */; };
		2FD42A0E1D9DFC3500DA00D2 /* LoginViewController.swift in Sources */ = {isa = PBXBuildFile; fileRef = 2FD42A0B1D9DFC3500DA00D2 /* LoginViewController.swift */; };
		2FE5CD3C1DA1FB93002613BA /* UpdateViewController.swift in Sources */ = {isa = PBXBuildFile; fileRef = 2FE5CD3B1DA1FB93002613BA /* UpdateViewController.swift */; };
		2FE5CD3D1DA1FB93002613BA /* UpdateViewController.swift in Sources */ = {isa = PBXBuildFile; fileRef = 2FE5CD3B1DA1FB93002613BA /* UpdateViewController.swift */; };
		2FE5CD3E1DA1FB93002613BA /* UpdateViewController.swift in Sources */ = {isa = PBXBuildFile; fileRef = 2FE5CD3B1DA1FB93002613BA /* UpdateViewController.swift */; };
		2FE7875F1DFE649A008428CC /* ShopListTableViewController.swift in Sources */ = {isa = PBXBuildFile; fileRef = 2FE7875E1DFE649A008428CC /* ShopListTableViewController.swift */; };
		2FFFAB251E83E7400096DDEF /* PlaceHolderTextView.swift in Sources */ = {isa = PBXBuildFile; fileRef = 2FFFAB241E83E7400096DDEF /* PlaceHolderTextView.swift */; };
		32374AF0DA3F2EB90E5BC07E /* Pods_mbUsingTestTests.framework in Frameworks */ = {isa = PBXBuildFile; fileRef = 2A2534F1CA638765B41FFD53 /* Pods_mbUsingTestTests.framework */; };
		595A5A971DB2112D007DDBFA /* InfoViewController.swift in Sources */ = {isa = PBXBuildFile; fileRef = 595A5A961DB2112D007DDBFA /* InfoViewController.swift */; };
		595A5A991DB214BB007DDBFA /* MapKit.framework in Frameworks */ = {isa = PBXBuildFile; fileRef = 595A5A981DB214BB007DDBFA /* MapKit.framework */; };
		599344D61DBA37B300D2572C /* MymenuCollectionViewCell.swift in Sources */ = {isa = PBXBuildFile; fileRef = 599344D51DBA37B300D2572C /* MymenuCollectionViewCell.swift */; };
		59CE38081DCC781700FC35E0 /* ShopMenusViewController.swift in Sources */ = {isa = PBXBuildFile; fileRef = 59CE38071DCC781700FC35E0 /* ShopMenusViewController.swift */; };
		59CE38091DCC781700FC35E0 /* ShopMenusViewController.swift in Sources */ = {isa = PBXBuildFile; fileRef = 59CE38071DCC781700FC35E0 /* ShopMenusViewController.swift */; };
		59CE380A1DCC781700FC35E0 /* ShopMenusViewController.swift in Sources */ = {isa = PBXBuildFile; fileRef = 59CE38071DCC781700FC35E0 /* ShopMenusViewController.swift */; };
		CB8D9AC70A37BAF1192B6821 /* Pods_mbUsingTest.framework in Frameworks */ = {isa = PBXBuildFile; fileRef = 2B838A5B0A937AF2B6F8930B /* Pods_mbUsingTest.framework */; };
/* End PBXBuildFile section */

/* Begin PBXContainerItemProxy section */
		2F644B741D851A22009CF261 /* PBXContainerItemProxy */ = {
			isa = PBXContainerItemProxy;
			containerPortal = 2F644B571D851A22009CF261 /* Project object */;
			proxyType = 1;
			remoteGlobalIDString = 2F644B5E1D851A22009CF261;
			remoteInfo = mbUsingTest;
		};
		2F644B7F1D851A22009CF261 /* PBXContainerItemProxy */ = {
			isa = PBXContainerItemProxy;
			containerPortal = 2F644B571D851A22009CF261 /* Project object */;
			proxyType = 1;
			remoteGlobalIDString = 2F644B5E1D851A22009CF261;
			remoteInfo = mbUsingTest;
		};
/* End PBXContainerItemProxy section */

/* Begin PBXFileReference section */
		2A2534F1CA638765B41FFD53 /* Pods_mbUsingTestTests.framework */ = {isa = PBXFileReference; explicitFileType = wrapper.framework; includeInIndex = 0; path = Pods_mbUsingTestTests.framework; sourceTree = BUILT_PRODUCTS_DIR; };
		2B838A5B0A937AF2B6F8930B /* Pods_mbUsingTest.framework */ = {isa = PBXFileReference; explicitFileType = wrapper.framework; includeInIndex = 0; path = Pods_mbUsingTest.framework; sourceTree = BUILT_PRODUCTS_DIR; };
		2F11458B1DEBF25A003F65A1 /* MyPostViewController.swift */ = {isa = PBXFileReference; fileEncoding = 4; lastKnownFileType = sourcecode.swift; path = MyPostViewController.swift; sourceTree = "<group>"; };
		2F2AF1A81DB0F15D00464B5E /* MemoCell.swift */ = {isa = PBXFileReference; fileEncoding = 4; lastKnownFileType = sourcecode.swift; path = MemoCell.swift; sourceTree = "<group>"; };
		2F2AF1A91DB0F15D00464B5E /* MemoCell.xib */ = {isa = PBXFileReference; fileEncoding = 4; lastKnownFileType = file.xib; path = MemoCell.xib; sourceTree = "<group>"; };
		2F3431631D9D4425001E6C68 /* Fabric.framework */ = {isa = PBXFileReference; lastKnownFileType = wrapper.framework; path = Fabric.framework; sourceTree = "<group>"; };
		2F3431641D9D4425001E6C68 /* TwitterKit.framework */ = {isa = PBXFileReference; lastKnownFileType = wrapper.framework; path = TwitterKit.framework; sourceTree = "<group>"; };
		2F3431651D9D4425001E6C68 /* TwitterKitResources.bundle */ = {isa = PBXFileReference; lastKnownFileType = "wrapper.plug-in"; name = TwitterKitResources.bundle; path = TwitterKit.framework/Versions/A/Resources/TwitterKitResources.bundle; sourceTree = "<group>"; };
		2F3431661D9D4425001E6C68 /* TwitterCore.framework */ = {isa = PBXFileReference; lastKnownFileType = wrapper.framework; path = TwitterCore.framework; sourceTree = "<group>"; };
		2F3C9CAB1E45AE2E00392F11 /* ReportViewController.swift */ = {isa = PBXFileReference; fileEncoding = 4; lastKnownFileType = sourcecode.swift; path = ReportViewController.swift; sourceTree = "<group>"; };
		2F5831BB1DBDF43300BAAA15 /* Favorite.swift */ = {isa = PBXFileReference; fileEncoding = 4; lastKnownFileType = sourcecode.swift; path = Favorite.swift; sourceTree = "<group>"; };
		2F63C8D91DE3DA23007EB8D5 /* LeftMenuViewController.swift */ = {isa = PBXFileReference; fileEncoding = 4; lastKnownFileType = sourcecode.swift; path = LeftMenuViewController.swift; sourceTree = "<group>"; };
		2F63C8DD1DE408F5007EB8D5 /* ContainerViewController.swift */ = {isa = PBXFileReference; fileEncoding = 4; lastKnownFileType = sourcecode.swift; path = ContainerViewController.swift; sourceTree = "<group>"; };
		2F644B5F1D851A22009CF261 /* mbUsingTest.app */ = {isa = PBXFileReference; explicitFileType = wrapper.application; includeInIndex = 0; path = mbUsingTest.app; sourceTree = BUILT_PRODUCTS_DIR; };
		2F644B621D851A22009CF261 /* AppDelegate.swift */ = {isa = PBXFileReference; lastKnownFileType = sourcecode.swift; path = AppDelegate.swift; sourceTree = "<group>"; };
		2F644B641D851A22009CF261 /* MainViewController.swift */ = {isa = PBXFileReference; lastKnownFileType = sourcecode.swift; path = MainViewController.swift; sourceTree = "<group>"; };
		2F644B671D851A22009CF261 /* Base */ = {isa = PBXFileReference; lastKnownFileType = file.storyboard; name = Base; path = Base.lproj/Main.storyboard; sourceTree = "<group>"; };
		2F644B691D851A22009CF261 /* Assets.xcassets */ = {isa = PBXFileReference; lastKnownFileType = folder.assetcatalog; path = Assets.xcassets; sourceTree = "<group>"; };
		2F644B6C1D851A22009CF261 /* Base */ = {isa = PBXFileReference; lastKnownFileType = file.storyboard; name = Base; path = Base.lproj/LaunchScreen.storyboard; sourceTree = "<group>"; };
		2F644B6E1D851A22009CF261 /* Info.plist */ = {isa = PBXFileReference; lastKnownFileType = text.plist.xml; path = Info.plist; sourceTree = "<group>"; };
		2F644B731D851A22009CF261 /* mbUsingTestTests.xctest */ = {isa = PBXFileReference; explicitFileType = wrapper.cfbundle; includeInIndex = 0; path = mbUsingTestTests.xctest; sourceTree = BUILT_PRODUCTS_DIR; };
		2F644B771D851A22009CF261 /* mbUsingTestTests.swift */ = {isa = PBXFileReference; lastKnownFileType = sourcecode.swift; path = mbUsingTestTests.swift; sourceTree = "<group>"; };
		2F644B791D851A22009CF261 /* Info.plist */ = {isa = PBXFileReference; lastKnownFileType = text.plist.xml; path = Info.plist; sourceTree = "<group>"; };
		2F644B7E1D851A22009CF261 /* mbUsingTestUITests.xctest */ = {isa = PBXFileReference; explicitFileType = wrapper.cfbundle; includeInIndex = 0; path = mbUsingTestUITests.xctest; sourceTree = BUILT_PRODUCTS_DIR; };
		2F644B821D851A22009CF261 /* mbUsingTestUITests.swift */ = {isa = PBXFileReference; lastKnownFileType = sourcecode.swift; path = mbUsingTestUITests.swift; sourceTree = "<group>"; };
		2F644B841D851A22009CF261 /* Info.plist */ = {isa = PBXFileReference; lastKnownFileType = text.plist.xml; path = Info.plist; sourceTree = "<group>"; };
		2F79FA491E3EBAC800174BB1 /* Like.swift */ = {isa = PBXFileReference; fileEncoding = 4; lastKnownFileType = sourcecode.swift; path = Like.swift; sourceTree = "<group>"; };
		2F79FA4B1E40A2EC00174BB1 /* ShopListCell.swift */ = {isa = PBXFileReference; fileEncoding = 4; lastKnownFileType = sourcecode.swift; path = ShopListCell.swift; sourceTree = "<group>"; };
		2F79FA4C1E40A2EC00174BB1 /* ShopListCell.xib */ = {isa = PBXFileReference; fileEncoding = 4; lastKnownFileType = file.xib; path = ShopListCell.xib; sourceTree = "<group>"; };
		2F9973131E8D24C100A50DB6 /* ShopEditViewController.swift */ = {isa = PBXFileReference; fileEncoding = 4; lastKnownFileType = sourcecode.swift; path = ShopEditViewController.swift; sourceTree = "<group>"; };
		2F99EDBF1DA28F5C001C830E /* NCMBSearch.swift */ = {isa = PBXFileReference; fileEncoding = 4; lastKnownFileType = sourcecode.swift; path = NCMBSearch.swift; sourceTree = "<group>"; };
		2FA17CAE1D9917BD00CF30E1 /* AddController.swift */ = {isa = PBXFileReference; fileEncoding = 4; lastKnownFileType = sourcecode.swift; path = AddController.swift; sourceTree = "<group>"; };
		2FACC0101E10F1A3000E5D68 /* CustomMKPointAnnotation.swift */ = {isa = PBXFileReference; fileEncoding = 4; lastKnownFileType = sourcecode.swift; path = CustomMKPointAnnotation.swift; sourceTree = "<group>"; };
		2FD42A0B1D9DFC3500DA00D2 /* LoginViewController.swift */ = {isa = PBXFileReference; fileEncoding = 4; lastKnownFileType = sourcecode.swift; name = LoginViewController.swift; path = ../LoginViewController.swift; sourceTree = "<group>"; };
		2FE5CD3B1DA1FB93002613BA /* UpdateViewController.swift */ = {isa = PBXFileReference; fileEncoding = 4; lastKnownFileType = sourcecode.swift; path = UpdateViewController.swift; sourceTree = "<group>"; };
		2FE7875E1DFE649A008428CC /* ShopListTableViewController.swift */ = {isa = PBXFileReference; fileEncoding = 4; lastKnownFileType = sourcecode.swift; path = ShopListTableViewController.swift; sourceTree = "<group>"; };
		2FFFAB241E83E7400096DDEF /* PlaceHolderTextView.swift */ = {isa = PBXFileReference; fileEncoding = 4; lastKnownFileType = sourcecode.swift; path = PlaceHolderTextView.swift; sourceTree = "<group>"; };
		595A5A961DB2112D007DDBFA /* InfoViewController.swift */ = {isa = PBXFileReference; fileEncoding = 4; lastKnownFileType = sourcecode.swift; path = InfoViewController.swift; sourceTree = "<group>"; };
		595A5A981DB214BB007DDBFA /* MapKit.framework */ = {isa = PBXFileReference; lastKnownFileType = wrapper.framework; name = MapKit.framework; path = System/Library/Frameworks/MapKit.framework; sourceTree = SDKROOT; };
		599344D51DBA37B300D2572C /* MymenuCollectionViewCell.swift */ = {isa = PBXFileReference; fileEncoding = 4; lastKnownFileType = sourcecode.swift; path = MymenuCollectionViewCell.swift; sourceTree = "<group>"; };
		59CE38071DCC781700FC35E0 /* ShopMenusViewController.swift */ = {isa = PBXFileReference; fileEncoding = 4; lastKnownFileType = sourcecode.swift; path = ShopMenusViewController.swift; sourceTree = "<group>"; };
		5CD29D3FBA59B8D2EFEAEBF8 /* Pods-mbUsingTestUITests.release.xcconfig */ = {isa = PBXFileReference; includeInIndex = 1; lastKnownFileType = text.xcconfig; name = "Pods-mbUsingTestUITests.release.xcconfig"; path = "Pods/Target Support Files/Pods-mbUsingTestUITests/Pods-mbUsingTestUITests.release.xcconfig"; sourceTree = "<group>"; };
		7335CE1C878B385ED4B25458 /* Pods-mbUsingTest.release.xcconfig */ = {isa = PBXFileReference; includeInIndex = 1; lastKnownFileType = text.xcconfig; name = "Pods-mbUsingTest.release.xcconfig"; path = "Pods/Target Support Files/Pods-mbUsingTest/Pods-mbUsingTest.release.xcconfig"; sourceTree = "<group>"; };
		82A4593D57B1A1B5A5A1B2AC /* Pods_mbUsingTestUITests.framework */ = {isa = PBXFileReference; explicitFileType = wrapper.framework; includeInIndex = 0; path = Pods_mbUsingTestUITests.framework; sourceTree = BUILT_PRODUCTS_DIR; };
		98A6A9A726DC9BA9F37F262F /* Pods-mbUsingTestTests.release.xcconfig */ = {isa = PBXFileReference; includeInIndex = 1; lastKnownFileType = text.xcconfig; name = "Pods-mbUsingTestTests.release.xcconfig"; path = "Pods/Target Support Files/Pods-mbUsingTestTests/Pods-mbUsingTestTests.release.xcconfig"; sourceTree = "<group>"; };
		BD850CF88C46FEC7DE987CD9 /* Pods-mbUsingTest.debug.xcconfig */ = {isa = PBXFileReference; includeInIndex = 1; lastKnownFileType = text.xcconfig; name = "Pods-mbUsingTest.debug.xcconfig"; path = "Pods/Target Support Files/Pods-mbUsingTest/Pods-mbUsingTest.debug.xcconfig"; sourceTree = "<group>"; };
		CCA324417EF1042F65EF0D90 /* Pods-mbUsingTestTests.debug.xcconfig */ = {isa = PBXFileReference; includeInIndex = 1; lastKnownFileType = text.xcconfig; name = "Pods-mbUsingTestTests.debug.xcconfig"; path = "Pods/Target Support Files/Pods-mbUsingTestTests/Pods-mbUsingTestTests.debug.xcconfig"; sourceTree = "<group>"; };
		DC25DBC56E81A996B05EC455 /* Pods-mbUsingTestUITests.debug.xcconfig */ = {isa = PBXFileReference; includeInIndex = 1; lastKnownFileType = text.xcconfig; name = "Pods-mbUsingTestUITests.debug.xcconfig"; path = "Pods/Target Support Files/Pods-mbUsingTestUITests/Pods-mbUsingTestUITests.debug.xcconfig"; sourceTree = "<group>"; };
/* End PBXFileReference section */

/* Begin PBXFrameworksBuildPhase section */
		2F644B5C1D851A22009CF261 /* Frameworks */ = {
			isa = PBXFrameworksBuildPhase;
			buildActionMask = 2147483647;
			files = (
				595A5A991DB214BB007DDBFA /* MapKit.framework in Frameworks */,
				2F3431701D9D4425001E6C68 /* TwitterCore.framework in Frameworks */,
				2F3431671D9D4425001E6C68 /* Fabric.framework in Frameworks */,
				2F34316A1D9D4425001E6C68 /* TwitterKit.framework in Frameworks */,
				CB8D9AC70A37BAF1192B6821 /* Pods_mbUsingTest.framework in Frameworks */,
			);
			runOnlyForDeploymentPostprocessing = 0;
		};
		2F644B701D851A22009CF261 /* Frameworks */ = {
			isa = PBXFrameworksBuildPhase;
			buildActionMask = 2147483647;
			files = (
				2F3431711D9D4425001E6C68 /* TwitterCore.framework in Frameworks */,
				2F3431681D9D4425001E6C68 /* Fabric.framework in Frameworks */,
				2F34316B1D9D4425001E6C68 /* TwitterKit.framework in Frameworks */,
				32374AF0DA3F2EB90E5BC07E /* Pods_mbUsingTestTests.framework in Frameworks */,
			);
			runOnlyForDeploymentPostprocessing = 0;
		};
		2F644B7B1D851A22009CF261 /* Frameworks */ = {
			isa = PBXFrameworksBuildPhase;
			buildActionMask = 2147483647;
			files = (
				2F3431721D9D4425001E6C68 /* TwitterCore.framework in Frameworks */,
				2F3431691D9D4425001E6C68 /* Fabric.framework in Frameworks */,
				2F34316C1D9D4425001E6C68 /* TwitterKit.framework in Frameworks */,
				1B1C4189353A7C275A64DC40 /* Pods_mbUsingTestUITests.framework in Frameworks */,
			);
			runOnlyForDeploymentPostprocessing = 0;
		};
/* End PBXFrameworksBuildPhase section */

/* Begin PBXGroup section */
		0CC216BCB3DD3E1E4E9F1F3B /* Pods */ = {
			isa = PBXGroup;
			children = (
				BD850CF88C46FEC7DE987CD9 /* Pods-mbUsingTest.debug.xcconfig */,
				7335CE1C878B385ED4B25458 /* Pods-mbUsingTest.release.xcconfig */,
				CCA324417EF1042F65EF0D90 /* Pods-mbUsingTestTests.debug.xcconfig */,
				98A6A9A726DC9BA9F37F262F /* Pods-mbUsingTestTests.release.xcconfig */,
				DC25DBC56E81A996B05EC455 /* Pods-mbUsingTestUITests.debug.xcconfig */,
				5CD29D3FBA59B8D2EFEAEBF8 /* Pods-mbUsingTestUITests.release.xcconfig */,
			);
			name = Pods;
			sourceTree = "<group>";
		};
		2655802DDD0F9022C93D3BE5 /* Frameworks */ = {
			isa = PBXGroup;
			children = (
				595A5A981DB214BB007DDBFA /* MapKit.framework */,
				2B838A5B0A937AF2B6F8930B /* Pods_mbUsingTest.framework */,
				2A2534F1CA638765B41FFD53 /* Pods_mbUsingTestTests.framework */,
				82A4593D57B1A1B5A5A1B2AC /* Pods_mbUsingTestUITests.framework */,
			);
			name = Frameworks;
			sourceTree = "<group>";
		};
		2F5831BD1DBE35C900BAAA15 /* Common */ = {
			isa = PBXGroup;
			children = (
				2F5831BB1DBDF43300BAAA15 /* Favorite.swift */,
				2F79FA491E3EBAC800174BB1 /* Like.swift */,
				2F99EDBF1DA28F5C001C830E /* NCMBSearch.swift */,
			);
			name = Common;
			sourceTree = "<group>";
		};
		2F63C8E11DE58194007EB8D5 /* Main */ = {
			isa = PBXGroup;
			children = (
				2F63C8DD1DE408F5007EB8D5 /* ContainerViewController.swift */,
				2F644B641D851A22009CF261 /* MainViewController.swift */,
				2F63C8D91DE3DA23007EB8D5 /* LeftMenuViewController.swift */,
				599344D51DBA37B300D2572C /* MymenuCollectionViewCell.swift */,
				2F11458B1DEBF25A003F65A1 /* MyPostViewController.swift */,
			);
			name = Main;
			sourceTree = "<group>";
		};
		2F644B561D851A22009CF261 = {
			isa = PBXGroup;
			children = (
				2F3431631D9D4425001E6C68 /* Fabric.framework */,
				2F3431641D9D4425001E6C68 /* TwitterKit.framework */,
				2F3431651D9D4425001E6C68 /* TwitterKitResources.bundle */,
				2F3431661D9D4425001E6C68 /* TwitterCore.framework */,
				2F644B611D851A22009CF261 /* mbUsingTest */,
				2F644B761D851A22009CF261 /* mbUsingTestTests */,
				2F644B811D851A22009CF261 /* mbUsingTestUITests */,
				2F644B601D851A22009CF261 /* Products */,
				2655802DDD0F9022C93D3BE5 /* Frameworks */,
				0CC216BCB3DD3E1E4E9F1F3B /* Pods */,
			);
			sourceTree = "<group>";
		};
		2F644B601D851A22009CF261 /* Products */ = {
			isa = PBXGroup;
			children = (
				2F644B5F1D851A22009CF261 /* mbUsingTest.app */,
				2F644B731D851A22009CF261 /* mbUsingTestTests.xctest */,
				2F644B7E1D851A22009CF261 /* mbUsingTestUITests.xctest */,
			);
			name = Products;
			sourceTree = "<group>";
		};
		2F644B611D851A22009CF261 /* mbUsingTest */ = {
			isa = PBXGroup;
			children = (
				2F644B621D851A22009CF261 /* AppDelegate.swift */,
				2F644B661D851A22009CF261 /* Main.storyboard */,
				2F63C8E11DE58194007EB8D5 /* Main */,
				2F6A1BDC1DCDF6BE00F083FD /* System */,
				2F5831BD1DBE35C900BAAA15 /* Common */,
				2FB6DE491D98DEDF004A513F /* Cell */,
				2FE7875D1DFE6438008428CC /* Shop */,
				2F644B691D851A22009CF261 /* Assets.xcassets */,
				2F644B6B1D851A22009CF261 /* LaunchScreen.storyboard */,
				2F644B6E1D851A22009CF261 /* Info.plist */,
				2FACC0101E10F1A3000E5D68 /* CustomMKPointAnnotation.swift */,
			);
			path = mbUsingTest;
			sourceTree = "<group>";
		};
		2F644B761D851A22009CF261 /* mbUsingTestTests */ = {
			isa = PBXGroup;
			children = (
				2F644B771D851A22009CF261 /* mbUsingTestTests.swift */,
				2F644B791D851A22009CF261 /* Info.plist */,
			);
			path = mbUsingTestTests;
			sourceTree = "<group>";
		};
		2F644B811D851A22009CF261 /* mbUsingTestUITests */ = {
			isa = PBXGroup;
			children = (
				2F644B821D851A22009CF261 /* mbUsingTestUITests.swift */,
				2F644B841D851A22009CF261 /* Info.plist */,
			);
			path = mbUsingTestUITests;
			sourceTree = "<group>";
		};
		2F6A1BDC1DCDF6BE00F083FD /* System */ = {
			isa = PBXGroup;
			children = (
				2FD42A0B1D9DFC3500DA00D2 /* LoginViewController.swift */,
				2FE5CD3B1DA1FB93002613BA /* UpdateViewController.swift */,
				2FA17CAE1D9917BD00CF30E1 /* AddController.swift */,
				2F3C9CAB1E45AE2E00392F11 /* ReportViewController.swift */,
				2FFFAB241E83E7400096DDEF /* PlaceHolderTextView.swift */,
			);
			name = System;
			sourceTree = "<group>";
		};
		2FB6DE491D98DEDF004A513F /* Cell */ = {
			isa = PBXGroup;
			children = (
				2F2AF1A81DB0F15D00464B5E /* MemoCell.swift */,
				2F2AF1A91DB0F15D00464B5E /* MemoCell.xib */,
				2F79FA4B1E40A2EC00174BB1 /* ShopListCell.swift */,
				2F79FA4C1E40A2EC00174BB1 /* ShopListCell.xib */,
			);
			name = Cell;
			sourceTree = "<group>";
		};
		2FE7875D1DFE6438008428CC /* Shop */ = {
			isa = PBXGroup;
			children = (
				2F9973131E8D24C100A50DB6 /* ShopEditViewController.swift */,
				59CE38071DCC781700FC35E0 /* ShopMenusViewController.swift */,
				595A5A961DB2112D007DDBFA /* InfoViewController.swift */,
				2FE7875E1DFE649A008428CC /* ShopListTableViewController.swift */,
			);
			name = Shop;
			sourceTree = "<group>";
		};
/* End PBXGroup section */

/* Begin PBXNativeTarget section */
		2F644B5E1D851A22009CF261 /* mbUsingTest */ = {
			isa = PBXNativeTarget;
			buildConfigurationList = 2F644B871D851A22009CF261 /* Build configuration list for PBXNativeTarget "mbUsingTest" */;
			buildPhases = (
				FA4A4FD31E352DFF8B4E711A /* [CP] Check Pods Manifest.lock */,
				2F644B5B1D851A22009CF261 /* Sources */,
				2F644B5C1D851A22009CF261 /* Frameworks */,
				2F644B5D1D851A22009CF261 /* Resources */,
				2F3431621D9D43E4001E6C68 /* ShellScript */,
				C5785ACF42C8432689CE6082 /* [CP] Embed Pods Frameworks */,
				A88377E941540B38BFBCEBA0 /* [CP] Copy Pods Resources */,
			);
			buildRules = (
			);
			dependencies = (
			);
			name = mbUsingTest;
			productName = mbUsingTest;
			productReference = 2F644B5F1D851A22009CF261 /* mbUsingTest.app */;
			productType = "com.apple.product-type.application";
		};
		2F644B721D851A22009CF261 /* mbUsingTestTests */ = {
			isa = PBXNativeTarget;
			buildConfigurationList = 2F644B8A1D851A22009CF261 /* Build configuration list for PBXNativeTarget "mbUsingTestTests" */;
			buildPhases = (
				97AE3E51A74B589430F534A2 /* [CP] Check Pods Manifest.lock */,
				2F644B6F1D851A22009CF261 /* Sources */,
				2F644B701D851A22009CF261 /* Frameworks */,
				2F644B711D851A22009CF261 /* Resources */,
				5CC4B91CB05993063601F3C4 /* [CP] Embed Pods Frameworks */,
				6D1011AA1E6AEAB6F9A4986B /* [CP] Copy Pods Resources */,
			);
			buildRules = (
			);
			dependencies = (
				2F644B751D851A22009CF261 /* PBXTargetDependency */,
			);
			name = mbUsingTestTests;
			productName = mbUsingTestTests;
			productReference = 2F644B731D851A22009CF261 /* mbUsingTestTests.xctest */;
			productType = "com.apple.product-type.bundle.unit-test";
		};
		2F644B7D1D851A22009CF261 /* mbUsingTestUITests */ = {
			isa = PBXNativeTarget;
			buildConfigurationList = 2F644B8D1D851A22009CF261 /* Build configuration list for PBXNativeTarget "mbUsingTestUITests" */;
			buildPhases = (
				1FD4B582F81844EB412E4A42 /* [CP] Check Pods Manifest.lock */,
				2F644B7A1D851A22009CF261 /* Sources */,
				2F644B7B1D851A22009CF261 /* Frameworks */,
				2F644B7C1D851A22009CF261 /* Resources */,
				D23A244D60BAFAC0F8CBF484 /* [CP] Copy Pods Resources */,
				E7795B4CDC9531E52DE663DD /* [CP] Embed Pods Frameworks */,
			);
			buildRules = (
			);
			dependencies = (
				2F644B801D851A22009CF261 /* PBXTargetDependency */,
			);
			name = mbUsingTestUITests;
			productName = mbUsingTestUITests;
			productReference = 2F644B7E1D851A22009CF261 /* mbUsingTestUITests.xctest */;
			productType = "com.apple.product-type.bundle.ui-testing";
		};
/* End PBXNativeTarget section */

/* Begin PBXProject section */
		2F644B571D851A22009CF261 /* Project object */ = {
			isa = PBXProject;
			attributes = {
				LastSwiftUpdateCheck = 0730;
				LastUpgradeCheck = 0810;
				ORGANIZATIONNAME = "蕭　喬仁";
				TargetAttributes = {
					2F644B5E1D851A22009CF261 = {
						CreatedOnToolsVersion = 7.3.1;
						DevelopmentTeam = 2Q2LSKG99P;
						LastSwiftMigration = 0800;
					};
					2F644B721D851A22009CF261 = {
						CreatedOnToolsVersion = 7.3.1;
						LastSwiftMigration = 0800;
						TestTargetID = 2F644B5E1D851A22009CF261;
					};
					2F644B7D1D851A22009CF261 = {
						CreatedOnToolsVersion = 7.3.1;
						LastSwiftMigration = 0800;
						TestTargetID = 2F644B5E1D851A22009CF261;
					};
				};
			};
			buildConfigurationList = 2F644B5A1D851A22009CF261 /* Build configuration list for PBXProject "mbUsingTest" */;
			compatibilityVersion = "Xcode 3.2";
			developmentRegion = English;
			hasScannedForEncodings = 0;
			knownRegions = (
				en,
				Base,
			);
			mainGroup = 2F644B561D851A22009CF261;
			productRefGroup = 2F644B601D851A22009CF261 /* Products */;
			projectDirPath = "";
			projectRoot = "";
			targets = (
				2F644B5E1D851A22009CF261 /* mbUsingTest */,
				2F644B721D851A22009CF261 /* mbUsingTestTests */,
				2F644B7D1D851A22009CF261 /* mbUsingTestUITests */,
			);
		};
/* End PBXProject section */

/* Begin PBXResourcesBuildPhase section */
		2F644B5D1D851A22009CF261 /* Resources */ = {
			isa = PBXResourcesBuildPhase;
			buildActionMask = 2147483647;
			files = (
				2F644B6D1D851A22009CF261 /* LaunchScreen.storyboard in Resources */,
				2F79FA4E1E40A2EC00174BB1 /* ShopListCell.xib in Resources */,
				2F644B6A1D851A22009CF261 /* Assets.xcassets in Resources */,
				2F644B681D851A22009CF261 /* Main.storyboard in Resources */,
				2F2AF1AB1DB0F15D00464B5E /* MemoCell.xib in Resources */,
				2F34316D1D9D4425001E6C68 /* TwitterKitResources.bundle in Resources */,
			);
			runOnlyForDeploymentPostprocessing = 0;
		};
		2F644B711D851A22009CF261 /* Resources */ = {
			isa = PBXResourcesBuildPhase;
			buildActionMask = 2147483647;
			files = (
				2F34316E1D9D4425001E6C68 /* TwitterKitResources.bundle in Resources */,
			);
			runOnlyForDeploymentPostprocessing = 0;
		};
		2F644B7C1D851A22009CF261 /* Resources */ = {
			isa = PBXResourcesBuildPhase;
			buildActionMask = 2147483647;
			files = (
				2F34316F1D9D4425001E6C68 /* TwitterKitResources.bundle in Resources */,
			);
			runOnlyForDeploymentPostprocessing = 0;
		};
/* End PBXResourcesBuildPhase section */

/* Begin PBXShellScriptBuildPhase section */
		1FD4B582F81844EB412E4A42 /* [CP] Check Pods Manifest.lock */ = {
			isa = PBXShellScriptBuildPhase;
			buildActionMask = 2147483647;
			files = (
			);
			inputPaths = (
			);
			name = "[CP] Check Pods Manifest.lock";
			outputPaths = (
			);
			runOnlyForDeploymentPostprocessing = 0;
			shellPath = /bin/sh;
			shellScript = "diff \"${PODS_ROOT}/../Podfile.lock\" \"${PODS_ROOT}/Manifest.lock\" > /dev/null\nif [ $? != 0 ] ; then\n    # print error to STDERR\n    echo \"error: The sandbox is not in sync with the Podfile.lock. Run 'pod install' or update your CocoaPods installation.\" >&2\n    exit 1\nfi\n";
			showEnvVarsInLog = 0;
		};
		2F3431621D9D43E4001E6C68 /* ShellScript */ = {
			isa = PBXShellScriptBuildPhase;
			buildActionMask = 2147483647;
			files = (
			);
			inputPaths = (
			);
			outputPaths = (
			);
			runOnlyForDeploymentPostprocessing = 0;
			shellPath = /bin/sh;
			shellScript = "./Fabric.framework/run 59f7a4abe047f9d6a777aebf9dae36469fa09d78 ccf7d9cc2a7a247bcdc2d501ee1de26b570584d7519eb3d8c56e537ab312b497";
		};
		5CC4B91CB05993063601F3C4 /* [CP] Embed Pods Frameworks */ = {
			isa = PBXShellScriptBuildPhase;
			buildActionMask = 2147483647;
			files = (
			);
			inputPaths = (
			);
			name = "[CP] Embed Pods Frameworks";
			outputPaths = (
			);
			runOnlyForDeploymentPostprocessing = 0;
			shellPath = /bin/sh;
			shellScript = "\"${SRCROOT}/Pods/Target Support Files/Pods-mbUsingTestTests/Pods-mbUsingTestTests-frameworks.sh\"\n";
			showEnvVarsInLog = 0;
		};
		6D1011AA1E6AEAB6F9A4986B /* [CP] Copy Pods Resources */ = {
			isa = PBXShellScriptBuildPhase;
			buildActionMask = 2147483647;
			files = (
			);
			inputPaths = (
			);
			name = "[CP] Copy Pods Resources";
			outputPaths = (
			);
			runOnlyForDeploymentPostprocessing = 0;
			shellPath = /bin/sh;
			shellScript = "\"${SRCROOT}/Pods/Target Support Files/Pods-mbUsingTestTests/Pods-mbUsingTestTests-resources.sh\"\n";
			showEnvVarsInLog = 0;
		};
		97AE3E51A74B589430F534A2 /* [CP] Check Pods Manifest.lock */ = {
			isa = PBXShellScriptBuildPhase;
			buildActionMask = 2147483647;
			files = (
			);
			inputPaths = (
			);
			name = "[CP] Check Pods Manifest.lock";
			outputPaths = (
			);
			runOnlyForDeploymentPostprocessing = 0;
			shellPath = /bin/sh;
			shellScript = "diff \"${PODS_ROOT}/../Podfile.lock\" \"${PODS_ROOT}/Manifest.lock\" > /dev/null\nif [ $? != 0 ] ; then\n    # print error to STDERR\n    echo \"error: The sandbox is not in sync with the Podfile.lock. Run 'pod install' or update your CocoaPods installation.\" >&2\n    exit 1\nfi\n";
			showEnvVarsInLog = 0;
		};
		A88377E941540B38BFBCEBA0 /* [CP] Copy Pods Resources */ = {
			isa = PBXShellScriptBuildPhase;
			buildActionMask = 2147483647;
			files = (
			);
			inputPaths = (
			);
			name = "[CP] Copy Pods Resources";
			outputPaths = (
			);
			runOnlyForDeploymentPostprocessing = 0;
			shellPath = /bin/sh;
			shellScript = "\"${SRCROOT}/Pods/Target Support Files/Pods-mbUsingTest/Pods-mbUsingTest-resources.sh\"\n";
			showEnvVarsInLog = 0;
		};
		C5785ACF42C8432689CE6082 /* [CP] Embed Pods Frameworks */ = {
			isa = PBXShellScriptBuildPhase;
			buildActionMask = 2147483647;
			files = (
			);
			inputPaths = (
			);
			name = "[CP] Embed Pods Frameworks";
			outputPaths = (
			);
			runOnlyForDeploymentPostprocessing = 0;
			shellPath = /bin/sh;
			shellScript = "\"${SRCROOT}/Pods/Target Support Files/Pods-mbUsingTest/Pods-mbUsingTest-frameworks.sh\"\n";
			showEnvVarsInLog = 0;
		};
		D23A244D60BAFAC0F8CBF484 /* [CP] Copy Pods Resources */ = {
			isa = PBXShellScriptBuildPhase;
			buildActionMask = 2147483647;
			files = (
			);
			inputPaths = (
			);
			name = "[CP] Copy Pods Resources";
			outputPaths = (
			);
			runOnlyForDeploymentPostprocessing = 0;
			shellPath = /bin/sh;
			shellScript = "\"${SRCROOT}/Pods/Target Support Files/Pods-mbUsingTestUITests/Pods-mbUsingTestUITests-resources.sh\"\n";
			showEnvVarsInLog = 0;
		};
		E7795B4CDC9531E52DE663DD /* [CP] Embed Pods Frameworks */ = {
			isa = PBXShellScriptBuildPhase;
			buildActionMask = 2147483647;
			files = (
			);
			inputPaths = (
			);
			name = "[CP] Embed Pods Frameworks";
			outputPaths = (
			);
			runOnlyForDeploymentPostprocessing = 0;
			shellPath = /bin/sh;
			shellScript = "\"${SRCROOT}/Pods/Target Support Files/Pods-mbUsingTestUITests/Pods-mbUsingTestUITests-frameworks.sh\"\n";
			showEnvVarsInLog = 0;
		};
		FA4A4FD31E352DFF8B4E711A /* [CP] Check Pods Manifest.lock */ = {
			isa = PBXShellScriptBuildPhase;
			buildActionMask = 2147483647;
			files = (
			);
			inputPaths = (
			);
			name = "[CP] Check Pods Manifest.lock";
			outputPaths = (
			);
			runOnlyForDeploymentPostprocessing = 0;
			shellPath = /bin/sh;
			shellScript = "diff \"${PODS_ROOT}/../Podfile.lock\" \"${PODS_ROOT}/Manifest.lock\" > /dev/null\nif [ $? != 0 ] ; then\n    # print error to STDERR\n    echo \"error: The sandbox is not in sync with the Podfile.lock. Run 'pod install' or update your CocoaPods installation.\" >&2\n    exit 1\nfi\n";
			showEnvVarsInLog = 0;
		};
/* End PBXShellScriptBuildPhase section */

/* Begin PBXSourcesBuildPhase section */
		2F644B5B1D851A22009CF261 /* Sources */ = {
			isa = PBXSourcesBuildPhase;
			buildActionMask = 2147483647;
			files = (
				2FACC0111E10F1A3000E5D68 /* CustomMKPointAnnotation.swift in Sources */,
				2F11458C1DEBF25A003F65A1 /* MyPostViewController.swift in Sources */,
				2F3C9CAC1E45AE2E00392F11 /* ReportViewController.swift in Sources */,
				599344D61DBA37B300D2572C /* MymenuCollectionViewCell.swift in Sources */,
				2F79FA4A1E3EBAC800174BB1 /* Like.swift in Sources */,
				2F2AF1AA1DB0F15D00464B5E /* MemoCell.swift in Sources */,
				2F63C8DE1DE408F5007EB8D5 /* ContainerViewController.swift in Sources */,
				2F63C8DA1DE3DA23007EB8D5 /* LeftMenuViewController.swift in Sources */,
				2F79FA4D1E40A2EC00174BB1 /* ShopListCell.swift in Sources */,
				2F99EDC01DA28F5C001C830E /* NCMBSearch.swift in Sources */,
				2FD42A0C1D9DFC3500DA00D2 /* LoginViewController.swift in Sources */,
				2F644B651D851A22009CF261 /* MainViewController.swift in Sources */,
				2F9973141E8D24C100A50DB6 /* ShopEditViewController.swift in Sources */,
				2FE7875F1DFE649A008428CC /* ShopListTableViewController.swift in Sources */,
				59CE38081DCC781700FC35E0 /* ShopMenusViewController.swift in Sources */,
				2F5831BC1DBDF43300BAAA15 /* Favorite.swift in Sources */,
				2FA17CAF1D9917BD00CF30E1 /* AddController.swift in Sources */,
				2F644B631D851A22009CF261 /* AppDelegate.swift in Sources */,
				595A5A971DB2112D007DDBFA /* InfoViewController.swift in Sources */,
				2FE5CD3C1DA1FB93002613BA /* UpdateViewController.swift in Sources */,
				2FFFAB251E83E7400096DDEF /* PlaceHolderTextView.swift in Sources */,
			);
			runOnlyForDeploymentPostprocessing = 0;
		};
		2F644B6F1D851A22009CF261 /* Sources */ = {
			isa = PBXSourcesBuildPhase;
			buildActionMask = 2147483647;
			files = (
				2FD42A0D1D9DFC3500DA00D2 /* LoginViewController.swift in Sources */,
				2F644B781D851A22009CF261 /* mbUsingTestTests.swift in Sources */,
				2FA17CB01D9917BD00CF30E1 /* AddController.swift in Sources */,
				59CE38091DCC781700FC35E0 /* ShopMenusViewController.swift in Sources */,
				2F99EDC11DA28F5C001C830E /* NCMBSearch.swift in Sources */,
				2FE5CD3D1DA1FB93002613BA /* UpdateViewController.swift in Sources */,
			);
			runOnlyForDeploymentPostprocessing = 0;
		};
		2F644B7A1D851A22009CF261 /* Sources */ = {
			isa = PBXSourcesBuildPhase;
			buildActionMask = 2147483647;
			files = (
				2FD42A0E1D9DFC3500DA00D2 /* LoginViewController.swift in Sources */,
				2F644B831D851A22009CF261 /* mbUsingTestUITests.swift in Sources */,
				2FA17CB11D9917BD00CF30E1 /* AddController.swift in Sources */,
				59CE380A1DCC781700FC35E0 /* ShopMenusViewController.swift in Sources */,
				2F99EDC21DA28F5C001C830E /* NCMBSearch.swift in Sources */,
				2FE5CD3E1DA1FB93002613BA /* UpdateViewController.swift in Sources */,
			);
			runOnlyForDeploymentPostprocessing = 0;
		};
/* End PBXSourcesBuildPhase section */

/* Begin PBXTargetDependency section */
		2F644B751D851A22009CF261 /* PBXTargetDependency */ = {
			isa = PBXTargetDependency;
			target = 2F644B5E1D851A22009CF261 /* mbUsingTest */;
			targetProxy = 2F644B741D851A22009CF261 /* PBXContainerItemProxy */;
		};
		2F644B801D851A22009CF261 /* PBXTargetDependency */ = {
			isa = PBXTargetDependency;
			target = 2F644B5E1D851A22009CF261 /* mbUsingTest */;
			targetProxy = 2F644B7F1D851A22009CF261 /* PBXContainerItemProxy */;
		};
/* End PBXTargetDependency section */

/* Begin PBXVariantGroup section */
		2F644B661D851A22009CF261 /* Main.storyboard */ = {
			isa = PBXVariantGroup;
			children = (
				2F644B671D851A22009CF261 /* Base */,
			);
			name = Main.storyboard;
			sourceTree = "<group>";
		};
		2F644B6B1D851A22009CF261 /* LaunchScreen.storyboard */ = {
			isa = PBXVariantGroup;
			children = (
				2F644B6C1D851A22009CF261 /* Base */,
			);
			name = LaunchScreen.storyboard;
			sourceTree = "<group>";
		};
/* End PBXVariantGroup section */

/* Begin XCBuildConfiguration section */
		2F644B851D851A22009CF261 /* Debug */ = {
			isa = XCBuildConfiguration;
			buildSettings = {
				ALWAYS_SEARCH_USER_PATHS = NO;
				CLANG_ANALYZER_NONNULL = YES;
				CLANG_CXX_LANGUAGE_STANDARD = "gnu++0x";
				CLANG_CXX_LIBRARY = "libc++";
				CLANG_ENABLE_MODULES = YES;
				CLANG_ENABLE_OBJC_ARC = YES;
				CLANG_WARN_BOOL_CONVERSION = YES;
				CLANG_WARN_CONSTANT_CONVERSION = YES;
				CLANG_WARN_DIRECT_OBJC_ISA_USAGE = YES_ERROR;
				CLANG_WARN_EMPTY_BODY = YES;
				CLANG_WARN_ENUM_CONVERSION = YES;
				CLANG_WARN_INFINITE_RECURSION = YES;
				CLANG_WARN_INT_CONVERSION = YES;
				CLANG_WARN_OBJC_ROOT_CLASS = YES_ERROR;
				CLANG_WARN_SUSPICIOUS_MOVE = YES;
				CLANG_WARN_UNREACHABLE_CODE = YES;
				CLANG_WARN__DUPLICATE_METHOD_MATCH = YES;
				"CODE_SIGN_IDENTITY[sdk=iphoneos*]" = "iPhone Developer";
				COPY_PHASE_STRIP = NO;
				DEBUG_INFORMATION_FORMAT = dwarf;
				ENABLE_STRICT_OBJC_MSGSEND = YES;
				ENABLE_TESTABILITY = YES;
				GCC_C_LANGUAGE_STANDARD = gnu99;
				GCC_DYNAMIC_NO_PIC = NO;
				GCC_NO_COMMON_BLOCKS = YES;
				GCC_OPTIMIZATION_LEVEL = 0;
				GCC_PREPROCESSOR_DEFINITIONS = (
					"DEBUG=1",
					"$(inherited)",
				);
				GCC_WARN_64_TO_32_BIT_CONVERSION = YES;
				GCC_WARN_ABOUT_RETURN_TYPE = YES_ERROR;
				GCC_WARN_UNDECLARED_SELECTOR = YES;
				GCC_WARN_UNINITIALIZED_AUTOS = YES_AGGRESSIVE;
				GCC_WARN_UNUSED_FUNCTION = YES;
				GCC_WARN_UNUSED_VARIABLE = YES;
				IPHONEOS_DEPLOYMENT_TARGET = 10.1;
				MTL_ENABLE_DEBUG_INFO = YES;
				ONLY_ACTIVE_ARCH = YES;
				SDKROOT = iphoneos;
				"SWIFT_OBJC_BRIDGING_HEADER[arch=*]" = "$(SRCROOT)/$(PROJECT)/mbUisngTest-Bridging-Header.h";
				SWIFT_OPTIMIZATION_LEVEL = "-Onone";
				TARGETED_DEVICE_FAMILY = "1,2";
			};
			name = Debug;
		};
		2F644B861D851A22009CF261 /* Release */ = {
			isa = XCBuildConfiguration;
			buildSettings = {
				ALWAYS_SEARCH_USER_PATHS = NO;
				CLANG_ANALYZER_NONNULL = YES;
				CLANG_CXX_LANGUAGE_STANDARD = "gnu++0x";
				CLANG_CXX_LIBRARY = "libc++";
				CLANG_ENABLE_MODULES = YES;
				CLANG_ENABLE_OBJC_ARC = YES;
				CLANG_WARN_BOOL_CONVERSION = YES;
				CLANG_WARN_CONSTANT_CONVERSION = YES;
				CLANG_WARN_DIRECT_OBJC_ISA_USAGE = YES_ERROR;
				CLANG_WARN_EMPTY_BODY = YES;
				CLANG_WARN_ENUM_CONVERSION = YES;
				CLANG_WARN_INFINITE_RECURSION = YES;
				CLANG_WARN_INT_CONVERSION = YES;
				CLANG_WARN_OBJC_ROOT_CLASS = YES_ERROR;
				CLANG_WARN_SUSPICIOUS_MOVE = YES;
				CLANG_WARN_UNREACHABLE_CODE = YES;
				CLANG_WARN__DUPLICATE_METHOD_MATCH = YES;
				"CODE_SIGN_IDENTITY[sdk=iphoneos*]" = "iPhone Developer";
				COPY_PHASE_STRIP = NO;
				DEBUG_INFORMATION_FORMAT = "dwarf-with-dsym";
				ENABLE_NS_ASSERTIONS = NO;
				ENABLE_STRICT_OBJC_MSGSEND = YES;
				GCC_C_LANGUAGE_STANDARD = gnu99;
				GCC_NO_COMMON_BLOCKS = YES;
				GCC_WARN_64_TO_32_BIT_CONVERSION = YES;
				GCC_WARN_ABOUT_RETURN_TYPE = YES_ERROR;
				GCC_WARN_UNDECLARED_SELECTOR = YES;
				GCC_WARN_UNINITIALIZED_AUTOS = YES_AGGRESSIVE;
				GCC_WARN_UNUSED_FUNCTION = YES;
				GCC_WARN_UNUSED_VARIABLE = YES;
				IPHONEOS_DEPLOYMENT_TARGET = 10.1;
				MTL_ENABLE_DEBUG_INFO = NO;
				SDKROOT = iphoneos;
				SWIFT_OPTIMIZATION_LEVEL = "-Owholemodule";
				TARGETED_DEVICE_FAMILY = "1,2";
				VALIDATE_PRODUCT = YES;
			};
			name = Release;
		};
		2F644B881D851A22009CF261 /* Debug */ = {
			isa = XCBuildConfiguration;
			baseConfigurationReference = BD850CF88C46FEC7DE987CD9 /* Pods-mbUsingTest.debug.xcconfig */;
			buildSettings = {
				ALWAYS_EMBED_SWIFT_STANDARD_LIBRARIES = YES;
				ALWAYS_SEARCH_USER_PATHS = NO;
				ASSETCATALOG_COMPILER_APPICON_NAME = AppIcon;
				CLANG_ENABLE_MODULES = YES;
				CODE_SIGN_IDENTITY = "iPhone Developer";
				DEVELOPMENT_TEAM = 2Q2LSKG99P;
				ENABLE_BITCODE = YES;
				FRAMEWORK_SEARCH_PATHS = (
					"$(inherited)",
					"$(PROJECT_DIR)",
				);
				INFOPLIST_FILE = mbUsingTest/Info.plist;
				IPHONEOS_DEPLOYMENT_TARGET = 10.0;
				LD_RUNPATH_SEARCH_PATHS = "$(inherited) @executable_path/Frameworks";
				PRODUCT_BUNDLE_IDENTIFIER = com.app.ehue;
				PRODUCT_NAME = "$(TARGET_NAME)";
				SWIFT_OBJC_BRIDGING_HEADER = "/Users/kyojin/Documents/mbUsingTest/mbUsingTest/mbUsingTestTests-Bridging-Header.h";
				"SWIFT_OBJC_BRIDGING_HEADER[arch=*]" = "";
				SWIFT_OPTIMIZATION_LEVEL = "-Onone";
				SWIFT_VERSION = 3.0;
				TARGETED_DEVICE_FAMILY = 1;
			};
			name = Debug;
		};
		2F644B891D851A22009CF261 /* Release */ = {
			isa = XCBuildConfiguration;
			baseConfigurationReference = 7335CE1C878B385ED4B25458 /* Pods-mbUsingTest.release.xcconfig */;
			buildSettings = {
				ALWAYS_EMBED_SWIFT_STANDARD_LIBRARIES = YES;
				ALWAYS_SEARCH_USER_PATHS = NO;
				ASSETCATALOG_COMPILER_APPICON_NAME = AppIcon;
				CLANG_ENABLE_MODULES = YES;
				CODE_SIGN_IDENTITY = "iPhone Developer";
				DEVELOPMENT_TEAM = 2Q2LSKG99P;
				ENABLE_BITCODE = YES;
				FRAMEWORK_SEARCH_PATHS = (
					"$(inherited)",
					"$(PROJECT_DIR)",
				);
				INFOPLIST_FILE = mbUsingTest/Info.plist;
				IPHONEOS_DEPLOYMENT_TARGET = 10.0;
				LD_RUNPATH_SEARCH_PATHS = "$(inherited) @executable_path/Frameworks";
				PRODUCT_BUNDLE_IDENTIFIER = com.app.ehue;
				PRODUCT_NAME = "$(TARGET_NAME)";
				SWIFT_OBJC_BRIDGING_HEADER = "/Users/kyojin/Documents/mbUsingTest/mbUsingTest/mbUsingTestTests-Bridging-Header.h";
				SWIFT_VERSION = 3.0;
				TARGETED_DEVICE_FAMILY = 1;
			};
			name = Release;
		};
		2F644B8B1D851A22009CF261 /* Debug */ = {
			isa = XCBuildConfiguration;
			baseConfigurationReference = CCA324417EF1042F65EF0D90 /* Pods-mbUsingTestTests.debug.xcconfig */;
			buildSettings = {
				BUNDLE_LOADER = "$(TEST_HOST)";
				CLANG_ENABLE_MODULES = YES;
				FRAMEWORK_SEARCH_PATHS = (
					"$(inherited)",
					"$(PROJECT_DIR)",
				);
				INFOPLIST_FILE = mbUsingTestTests/Info.plist;
				LD_RUNPATH_SEARCH_PATHS = "$(inherited) @executable_path/Frameworks @loader_path/Frameworks";
				PRODUCT_BUNDLE_IDENTIFIER = ehue.mbUsingTestTests;
				PRODUCT_NAME = "$(TARGET_NAME)";
				SWIFT_OBJC_BRIDGING_HEADER = "mbUsingTest/mbUsingTestTests-Bridging-Header.h";
				SWIFT_OPTIMIZATION_LEVEL = "-Onone";
				SWIFT_VERSION = 3.0;
				TEST_HOST = "$(BUILT_PRODUCTS_DIR)/mbUsingTest.app/mbUsingTest";
			};
			name = Debug;
		};
		2F644B8C1D851A22009CF261 /* Release */ = {
			isa = XCBuildConfiguration;
			baseConfigurationReference = 98A6A9A726DC9BA9F37F262F /* Pods-mbUsingTestTests.release.xcconfig */;
			buildSettings = {
				BUNDLE_LOADER = "$(TEST_HOST)";
				CLANG_ENABLE_MODULES = YES;
				FRAMEWORK_SEARCH_PATHS = (
					"$(inherited)",
					"$(PROJECT_DIR)",
				);
				INFOPLIST_FILE = mbUsingTestTests/Info.plist;
				LD_RUNPATH_SEARCH_PATHS = "$(inherited) @executable_path/Frameworks @loader_path/Frameworks";
				PRODUCT_BUNDLE_IDENTIFIER = ehue.mbUsingTestTests;
				PRODUCT_NAME = "$(TARGET_NAME)";
				SWIFT_OBJC_BRIDGING_HEADER = "mbUsingTest/mbUsingTestTests-Bridging-Header.h";
				SWIFT_VERSION = 3.0;
				TEST_HOST = "$(BUILT_PRODUCTS_DIR)/mbUsingTest.app/mbUsingTest";
			};
			name = Release;
		};
		2F644B8E1D851A22009CF261 /* Debug */ = {
			isa = XCBuildConfiguration;
			baseConfigurationReference = DC25DBC56E81A996B05EC455 /* Pods-mbUsingTestUITests.debug.xcconfig */;
			buildSettings = {
				CLANG_ENABLE_MODULES = YES;
				FRAMEWORK_SEARCH_PATHS = (
					"$(inherited)",
					"$(PROJECT_DIR)",
				);
				INFOPLIST_FILE = mbUsingTestUITests/Info.plist;
				LD_RUNPATH_SEARCH_PATHS = "$(inherited) @executable_path/Frameworks @loader_path/Frameworks";
				PRODUCT_BUNDLE_IDENTIFIER = ehue.mbUsingTestUITests;
				PRODUCT_NAME = "$(TARGET_NAME)";
				SWIFT_OBJC_BRIDGING_HEADER = "mbUsingTest/mbUsingTestUITests-Bridging-Header.h";
				SWIFT_OPTIMIZATION_LEVEL = "-Onone";
				SWIFT_VERSION = 3.0;
				TEST_TARGET_NAME = mbUsingTest;
			};
			name = Debug;
		};
		2F644B8F1D851A22009CF261 /* Release */ = {
			isa = XCBuildConfiguration;
			baseConfigurationReference = 5CD29D3FBA59B8D2EFEAEBF8 /* Pods-mbUsingTestUITests.release.xcconfig */;
			buildSettings = {
				CLANG_ENABLE_MODULES = YES;
				FRAMEWORK_SEARCH_PATHS = (
					"$(inherited)",
					"$(PROJECT_DIR)",
				);
				INFOPLIST_FILE = mbUsingTestUITests/Info.plist;
				LD_RUNPATH_SEARCH_PATHS = "$(inherited) @executable_path/Frameworks @loader_path/Frameworks";
				PRODUCT_BUNDLE_IDENTIFIER = ehue.mbUsingTestUITests;
				PRODUCT_NAME = "$(TARGET_NAME)";
				SWIFT_OBJC_BRIDGING_HEADER = "mbUsingTest/mbUsingTestUITests-Bridging-Header.h";
				SWIFT_VERSION = 3.0;
				TEST_TARGET_NAME = mbUsingTest;
			};
			name = Release;
		};
/* End XCBuildConfiguration section */

/* Begin XCConfigurationList section */
		2F644B5A1D851A22009CF261 /* Build configuration list for PBXProject "mbUsingTest" */ = {
			isa = XCConfigurationList;
			buildConfigurations = (
				2F644B851D851A22009CF261 /* Debug */,
				2F644B861D851A22009CF261 /* Release */,
			);
			defaultConfigurationIsVisible = 0;
			defaultConfigurationName = Release;
		};
		2F644B871D851A22009CF261 /* Build configuration list for PBXNativeTarget "mbUsingTest" */ = {
			isa = XCConfigurationList;
			buildConfigurations = (
				2F644B881D851A22009CF261 /* Debug */,
				2F644B891D851A22009CF261 /* Release */,
			);
			defaultConfigurationIsVisible = 0;
			defaultConfigurationName = Release;
		};
		2F644B8A1D851A22009CF261 /* Build configuration list for PBXNativeTarget "mbUsingTestTests" */ = {
			isa = XCConfigurationList;
			buildConfigurations = (
				2F644B8B1D851A22009CF261 /* Debug */,
				2F644B8C1D851A22009CF261 /* Release */,
			);
			defaultConfigurationIsVisible = 0;
			defaultConfigurationName = Release;
		};
		2F644B8D1D851A22009CF261 /* Build configuration list for PBXNativeTarget "mbUsingTestUITests" */ = {
			isa = XCConfigurationList;
			buildConfigurations = (
				2F644B8E1D851A22009CF261 /* Debug */,
				2F644B8F1D851A22009CF261 /* Release */,
			);
			defaultConfigurationIsVisible = 0;
			defaultConfigurationName = Release;
		};
/* End XCConfigurationList section */
	};
	rootObject = 2F644B571D851A22009CF261 /* Project object */;
}
